
Microsoft Visual Studio Solution File, Format Version 12.00
# Visual Studio Version 16
VisualStudioVersion = 16.0.32228.343
MinimumVisualStudioVersion = 10.0.40219.1
Project("{9A19103F-16F7-4668-BE54-9A1E7A4F7556}") = "FacilitiesOnlinBooking", "FacilitiesOnlinBooking\FacilitiesOnlinBooking.csproj", "{1BD96BAD-373A-4B85-B6D8-F39A7BFE19CD}"
EndProject
Global
	GlobalSection(SolutionConfigurationPlatforms) = preSolution
		Debug|Any CPU = Debug|Any CPU
		Release|Any CPU = Release|Any CPU
	EndGlobalSection
	GlobalSection(ProjectConfigurationPlatforms) = postSolution
		{1BD96BAD-373A-4B85-B6D8-F39A7BFE19CD}.Debug|Any CPU.ActiveCfg = Debug|Any CPU
		{1BD96BAD-373A-4B85-B6D8-F39A7BFE19CD}.Debug|Any CPU.Build.0 = Debug|Any CPU
		{1BD96BAD-373A-4B85-B6D8-F39A7BFE19CD}.Release|Any CPU.ActiveCfg = Release|Any CPU
		{1BD96BAD-373A-4B85-B6D8-F39A7BFE19CD}.Release|Any CPU.Build.0 = Release|Any CPU
	EndGlobalSection
	GlobalSection(SolutionProperties) = preSolution
		HideSolutionNode = FALSE
	EndGlobalSection
	GlobalSection(ExtensibilityGlobals) = postSolution
		SolutionGuid = {5CA2D740-3B79-486B-AC26-0C0CAF021319}
	EndGlobalSection
EndGlobal
